
Microsoft Visual Studio Solution File, Format Version 12.00
# Visual Studio Version 17
VisualStudioVersion = 17.9.34728.123
MinimumVisualStudioVersion = 10.0.40219.1
Project("{FAE04EC0-301F-11D3-BF4B-00C04F79EFBC}") = "ASP LABB4 MVC RAZOR", "ASP LABB4 MVC RAZOR\ASP LABB4 MVC RAZOR.csproj", "{F30988EF-AE4C-4B5A-BCBD-C946A3C701EB}"
EndProject
Global
	GlobalSection(SolutionConfigurationPlatforms) = preSolution
		Debug|Any CPU = Debug|Any CPU
		Release|Any CPU = Release|Any CPU
	EndGlobalSection
	GlobalSection(ProjectConfigurationPlatforms) = postSolution
		{F30988EF-AE4C-4B5A-BCBD-C946A3C701EB}.Debug|Any CPU.ActiveCfg = Debug|Any CPU
		{F30988EF-AE4C-4B5A-BCBD-C946A3C701EB}.Debug|Any CPU.Build.0 = Debug|Any CPU
		{F30988EF-AE4C-4B5A-BCBD-C946A3C701EB}.Release|Any CPU.ActiveCfg = Release|Any CPU
		{F30988EF-AE4C-4B5A-BCBD-C946A3C701EB}.Release|Any CPU.Build.0 = Release|Any CPU
	EndGlobalSection
	GlobalSection(SolutionProperties) = preSolution
		HideSolutionNode = FALSE
	EndGlobalSection
	GlobalSection(ExtensibilityGlobals) = postSolution
		SolutionGuid = {063354FD-C553-42F6-8B3F-ED1560FE6507}
	EndGlobalSection
EndGlobal
